<?xml version="1.0" encoding="utf-8"?>
<Project ToolsVersion="4.0" xmlns="http://schemas.microsoft.com/developer/msbuild/2003">
  <ItemGroup>
    <Filter Include="Source Files">
      <UniqueIdentifier>{2d8a27d9-e5a2-4b56-8d2c-802a9301ba9a}</UniqueIdentifier>
      <Extensions>cpp;c;cxx;rc;def;r;odl;idl;hpj;bat</Extensions>
    </Filter>
    <Filter Include="Header Files">
      <UniqueIdentifier>{0d585d3c-b32c-4452-91f5-04856473ee2f}</UniqueIdentifier>
      <Extensions>h;hpp;hxx;hm;inl</Extensions>
    </Filter>
    <Filter Include="Resource Files">
      <UniqueIdentifier>{dc89cd42-895a-4d60-a7a0-99ab4e249306}</UniqueIdentifier>
      <Extensions>ico;cur;bmp;dlg;rc2;rct;bin;rgs;gif;jpg;jpeg;jpe</Extensions>
    </Filter>
  </ItemGroup>
  <ItemGroup>
    <ClCompile Include="_Define.cpp">
      <Filter>Source Files</Filter>
    </ClCompile>
    <ClCompile Include="Util\Common.cpp">
      <Filter>Source Files</Filter>
    </ClCompile>
    <ClCompile Include="EasyRegistry.cpp">
      <Filter>Source Files</Filter>
    </ClCompile>
    <ClCompile Include="Dialog\EditSubmenuDlg.cpp">
      <Filter>Source Files</Filter>
    </ClCompile>
    <ClCompile Include="Toolbar\FolderToolbar.cpp">
      <Filter>Source Files</Filter>
    </ClCompile>
    <ClCompile Include="Util\Ini.cpp">
      <Filter>Source Files</Filter>
    </ClCompile>
    <ClCompile Include="Dialog\JumptoRegDlg.cpp">
      <Filter>Source Files</Filter>
    </ClCompile>
    <ClCompile Include="SearchUI\ListCtrlSortClass.cpp">
      <Filter>Source Files</Filter>
    </ClCompile>
    <ClCompile Include="Toolbar\MenuData.cpp">
      <Filter>Source Files</Filter>
    </ClCompile>
    <ClCompile Include="RegWorks\Misc.cpp">
      <Filter>Source Files</Filter>
    </ClCompile>
    <ClCompile Include="Dialog\OptionDlg.cpp">
      <Filter>Source Files</Filter>
    </ClCompile>
    <ClCompile Include="Dialog\RegistryPathDlg.cpp">
      <Filter>Source Files</Filter>
    </ClCompile>
    <ClCompile Include="RegWorks\RegSerach.cpp">
      <Filter>Source Files</Filter>
    </ClCompile>
    <ClCompile Include="RegWorks\RegWorks.cpp">
      <Filter>Source Files</Filter>
    </ClCompile>
    <ClCompile Include="SearchUI\ResearchDlg.cpp">
      <Filter>Source Files</Filter>
    </ClCompile>
    <ClCompile Include="SearchUI\SearchDlg.cpp">
      <Filter>Source Files</Filter>
    </ClCompile>
    <ClCompile Include="SearchUI\SearchHistoryWnd.cpp">
      <Filter>Source Files</Filter>
    </ClCompile>
    <ClCompile Include="SearchUI\SearchThread.cpp">
      <Filter>Source Files</Filter>
    </ClCompile>
    <ClCompile Include="SearchUI\SimpleThread.cpp">
      <Filter>Source Files</Filter>
    </ClCompile>
    <ClCompile Include="Util\StaticEx.cpp">
      <Filter>Source Files</Filter>
    </ClCompile>
    <ClCompile Include="StdAfx.cpp">
      <Filter>Source Files</Filter>
    </ClCompile>
    <ClCompile Include="Dialog\ToolbarDlg.cpp">
      <Filter>Source Files</Filter>
    </ClCompile>
    <ClCompile Include="Toolbar\ToolbarUtil.cpp">
      <Filter>Source Files</Filter>
    </ClCompile>
    <ClCompile Include="Util\Tray.cpp">
      <Filter>Source Files</Filter>
    </ClCompile>
    <ClCompile Include="Dialog\EditSubmenuDlg.h">
      <Filter>Source Files</Filter>
    </ClCompile>
  </ItemGroup>
  <ItemGroup>
    <ResourceCompile Include="EasyRegistry.rc">
      <Filter>Source Files</Filter>
    </ResourceCompile>
  </ItemGroup>
  <ItemGroup>
    <ClInclude Include="_Define.h">
      <Filter>Header Files</Filter>
    </ClInclude>
    <ClInclude Include="Util\Common.h">
      <Filter>Header Files</Filter>
    </ClInclude>
    <ClInclude Include="EasyRegistry.h">
      <Filter>Header Files</Filter>
    </ClInclude>
    <ClInclude Include="Toolbar\FolderToolbar.h">
      <Filter>Header Files</Filter>
    </ClInclude>
    <ClInclude Include="Util\Ini.h">
      <Filter>Header Files</Filter>
    </ClInclude>
    <ClInclude Include="Dialog\JumptoRegDlg.h">
      <Filter>Header Files</Filter>
    </ClInclude>
    <ClInclude Include="SearchUI\ListCtrlSortClass.h">
      <Filter>Header Files</Filter>
    </ClInclude>
    <ClInclude Include="Toolbar\MenuData.h">
      <Filter>Header Files</Filter>
    </ClInclude>
    <ClInclude Include="RegWorks\Misc.h">
      <Filter>Header Files</Filter>
    </ClInclude>
    <ClInclude Include="Dialog\OptionDlg.h">
      <Filter>Header Files</Filter>
    </ClInclude>
    <ClInclude Include="Dialog\RegistryPathDlg.h">
      <Filter>Header Files</Filter>
    </ClInclude>
    <ClInclude Include="RegWorks\RegSearch.h">
      <Filter>Header Files</Filter>
    </ClInclude>
    <ClInclude Include="RegWorks\RegWorks.h">
      <Filter>Header Files</Filter>
    </ClInclude>
    <ClInclude Include="SearchUI\ResearchDlg.h">
      <Filter>Header Files</Filter>
    </ClInclude>
    <ClInclude Include="Resource.h">
      <Filter>Header Files</Filter>
    </ClInclude>
    <ClInclude Include="SearchUI\SearchDlg.h">
      <Filter>Header Files</Filter>
    </ClInclude>
    <ClInclude Include="SearchUI\SearchHistoryWnd.h">
      <Filter>Header Files</Filter>
    </ClInclude>
    <ClInclude Include="SearchUI\SearchThread.h">
      <Filter>Header Files</Filter>
    </ClInclude>
    <ClInclude Include="SearchUI\SimpleThread.h">
      <Filter>Header Files</Filter>
    </ClInclude>
    <ClInclude Include="Util\StaticEx.h">
      <Filter>Header Files</Filter>
    </ClInclude>
    <ClInclude Include="StdAfx.h">
      <Filter>Header Files</Filter>
    </ClInclude>
    <ClInclude Include="Dialog\ToolbarDlg.h">
      <Filter>Header Files</Filter>
    </ClInclude>
    <ClInclude Include="Toolbar\ToolbarUtil.h">
      <Filter>Header Files</Filter>
    </ClInclude>
    <ClInclude Include="Util\Tray.h">
      <Filter>Header Files</Filter>
    </ClInclude>
  </ItemGroup>
  <ItemGroup>
    <Image Include="res\dn.bmp">
      <Filter>Resource Files</Filter>
    </Image>
    <Image Include="res\icons.bmp">
      <Filter>Resource Files</Filter>
    </Image>
    <Image Include="res\search_result.bmp">
      <Filter>Resource Files</Filter>
    </Image>
    <Image Include="res\tcicon.ico">
      <Filter>Resource Files</Filter>
    </Image>
    <Image Include="res\TCmdBar.ico">
      <Filter>Resource Files</Filter>
    </Image>
    <Image Include="res\toolbar1.bmp">
      <Filter>Resource Files</Filter>
    </Image>
    <Image Include="res\up.bmp">
      <Filter>Resource Files</Filter>
    </Image>
  </ItemGroup>
  <ItemGroup>
    <None Include="res\TCmdBar.rc2">
      <Filter>Resource Files</Filter>
    </None>
  </ItemGroup>
  <ItemGroup>
    <Text Include="EasyRegistry.txt" />
    <Text Include="ReadMe.txt" />
  </ItemGroup>
</Project>